// !$*UTF8*$!
{
	archiveVersion = 1;
	classes = {
	};
	objectVersion = 50;
	objects = {

/* Begin PBXBuildFile section */
		6EAB6A1623D1C82C00E179C3 /* AppDelegate.m in Sources */ = {isa = PBXBuildFile; fileRef = 6EAB6A1523D1C82C00E179C3 /* AppDelegate.m */; };
		6EAB6A1823D1C82F00E179C3 /* Assets.xcassets in Resources */ = {isa = PBXBuildFile; fileRef = 6EAB6A1723D1C82F00E179C3 /* Assets.xcassets */; };
		6EAB6A1B23D1C82F00E179C3 /* MainMenu.xib in Resources */ = {isa = PBXBuildFile; fileRef = 6EAB6A1923D1C82F00E179C3 /* MainMenu.xib */; };
		6EAB6A1E23D1C82F00E179C3 /* main.m in Sources */ = {isa = PBXBuildFile; fileRef = 6EAB6A1D23D1C82F00E179C3 /* main.m */; };
		6EAB6A2D23D1CD8A00E179C3 /* ModalWindow.xib in Resources */ = {isa = PBXBuildFile; fileRef = 6EAB6A2C23D1CD8A00E179C3 /* ModalWindow.xib */; };
		6EAB6A3023D1CE0D00E179C3 /* ModalWindowDelegate.m in Sources */ = {isa = PBXBuildFile; fileRef = 6EAB6A2F23D1CE0D00E179C3 /* ModalWindowDelegate.m */; };
/* End PBXBuildFile section */

/* Begin PBXFileReference section */
		6EAB6A1123D1C82C00E179C3 /* Cocoa Modal Window.app */ = {isa = PBXFileReference; explicitFileType = wrapper.application; includeInIndex = 0; path = "Cocoa Modal Window.app"; sourceTree = BUILT_PRODUCTS_DIR; };
		6EAB6A1423D1C82C00E179C3 /* AppDelegate.h */ = {isa = PBXFileReference; lastKnownFileType = sourcecode.c.h; path = AppDelegate.h; sourceTree = "<group>"; };
		6EAB6A1523D1C82C00E179C3 /* AppDelegate.m */ = {isa = PBXFileReference; lastKnownFileType = sourcecode.c.objc; path = AppDelegate.m; sourceTree = "<group>"; };
		6EAB6A1723D1C82F00E179C3 /* Assets.xcassets */ = {isa = PBXFileReference; lastKnownFileType = folder.assetcatalog; path = Assets.xcassets; sourceTree = "<group>"; };
		6EAB6A1A23D1C82F00E179C3 /* Base */ = {isa = PBXFileReference; lastKnownFileType = file.xib; name = Base; path = Base.lproj/MainMenu.xib; sourceTree = "<group>"; };
		6EAB6A1C23D1C82F00E179C3 /* Info.plist */ = {isa = PBXFileReference; lastKnownFileType = text.plist.xml; path = Info.plist; sourceTree = "<group>"; };
		6EAB6A1D23D1C82F00E179C3 /* main.m */ = {isa = PBXFileReference; lastKnownFileType = sourcecode.c.objc; path = main.m; sourceTree = "<group>"; };
		6EAB6A1F23D1C82F00E179C3 /* Cocoa_Modal_Window.entitlements */ = {isa = PBXFileReference; lastKnownFileType = text.plist.entitlements; path = Cocoa_Modal_Window.entitlements; sourceTree = "<group>"; };
		6EAB6A2C23D1CD8A00E179C3 /* ModalWindow.xib */ = {isa = PBXFileReference; lastKnownFileType = file.xib; path = ModalWindow.xib; sourceTree = "<group>"; };
		6EAB6A2E23D1CE0D00E179C3 /* ModalWindowDelegate.h */ = {isa = PBXFileReference; lastKnownFileType = sourcecode.c.h; path = ModalWindowDelegate.h; sourceTree = "<group>"; };
		6EAB6A2F23D1CE0D00E179C3 /* ModalWindowDelegate.m */ = {isa = PBXFileReference; lastKnownFileType = sourcecode.c.objc; path = ModalWindowDelegate.m; sourceTree = "<group>"; };
/* End PBXFileReference section */

/* Begin PBXFrameworksBuildPhase section */
		6EAB6A0E23D1C82C00E179C3 /* Frameworks */ = {
			isa = PBXFrameworksBuildPhase;
			buildActionMask = 2147483647;
			files = (
			);
			runOnlyForDeploymentPostprocessing = 0;
		};
/* End PBXFrameworksBuildPhase section */

/* Begin PBXGroup section */
		6EAB6A0823D1C82C00E179C3 = {
			isa = PBXGroup;
			children = (
				6EAB6A1323D1C82C00E179C3 /* Cocoa Modal Window */,
				6EAB6A1223D1C82C00E179C3 /* Products */,
			);
			sourceTree = "<group>";
		};
		6EAB6A1223D1C82C00E179C3 /* Products */ = {
			isa = PBXGroup;
			children = (
				6EAB6A1123D1C82C00E179C3 /* Cocoa Modal Window.app */,
			);
			name = Products;
			sourceTree = "<group>";
		};
		6EAB6A1323D1C82C00E179C3 /* Cocoa Modal Window */ = {
			isa = PBXGroup;
			children = (
				6EAB6A1423D1C82C00E179C3 /* AppDelegate.h */,
				6EAB6A1523D1C82C00E179C3 /* AppDelegate.m */,
				6EAB6A1723D1C82F00E179C3 /* Assets.xcassets */,
				6EAB6A1923D1C82F00E179C3 /* MainMenu.xib */,
				6EAB6A1C23D1C82F00E179C3 /* Info.plist */,
				6EAB6A1D23D1C82F00E179C3 /* main.m */,
				6EAB6A1F23D1C82F00E179C3 /* Cocoa_Modal_Window.entitlements */,
				6EAB6A2C23D1CD8A00E179C3 /* ModalWindow.xib */,
				6EAB6A2E23D1CE0D00E179C3 /* ModalWindowDelegate.h */,
				6EAB6A2F23D1CE0D00E179C3 /* ModalWindowDelegate.m */,
			);
			path = "Cocoa Modal Window";
			sourceTree = "<group>";
		};
/* End PBXGroup section */

/* Begin PBXNativeTarget section */
		6EAB6A1023D1C82C00E179C3 /* Cocoa Modal Window */ = {
			isa = PBXNativeTarget;
			buildConfigurationList = 6EAB6A2223D1C82F00E179C3 /* Build configuration list for PBXNativeTarget "Cocoa Modal Window" */;
			buildPhases = (
				6EAB6A0D23D1C82C00E179C3 /* Sources */,
				6EAB6A0E23D1C82C00E179C3 /* Frameworks */,
				6EAB6A0F23D1C82C00E179C3 /* Resources */,
			);
			buildRules = (
			);
			dependencies = (
			);
			name = "Cocoa Modal Window";
			productName = "Cocoa Modal Window";
			productReference = 6EAB6A1123D1C82C00E179C3 /* Cocoa Modal Window.app */;
			productType = "com.apple.product-type.application";
		};
/* End PBXNativeTarget section */

/* Begin PBXProject section */
		6EAB6A0923D1C82C00E179C3 /* Project object */ = {
			isa = PBXProject;
			attributes = {
				LastUpgradeCheck = 1130;
				ORGANIZATIONNAME = "Mac Developers";
				TargetAttributes = {
					6EAB6A1023D1C82C00E179C3 = {
						CreatedOnToolsVersion = 11.3.1;
					};
				};
			};
			buildConfigurationList = 6EAB6A0C23D1C82C00E179C3 /* Build configuration list for PBXProject "Cocoa Modal Window" */;
			compatibilityVersion = "Xcode 9.3";
			developmentRegion = en;
			hasScannedForEncodings = 0;
			knownRegions = (
				en,
				Base,
			);
			mainGroup = 6EAB6A0823D1C82C00E179C3;
			productRefGroup = 6EAB6A1223D1C82C00E179C3 /* Products */;
			projectDirPath = "";
			projectRoot = "";
			targets = (
				6EAB6A1023D1C82C00E179C3 /* Cocoa Modal Window */,
			);
		};
/* End PBXProject section */

/* Begin PBXResourcesBuildPhase section */
		6EAB6A0F23D1C82C00E179C3 /* Resources */ = {
			isa = PBXResourcesBuildPhase;
			buildActionMask = 2147483647;
			files = (
				6EAB6A1823D1C82F00E179C3 /* Assets.xcassets in Resources */,
				6EAB6A2D23D1CD8A00E179C3 /* ModalWindow.xib in Resources */,
				6EAB6A1B23D1C82F00E179C3 /* MainMenu.xib in Resources */,
			);
			runOnlyForDeploymentPostprocessing = 0;
		};
/* End PBXResourcesBuildPhase section */

/* Begin PBXSourcesBuildPhase section */
		6EAB6A0D23D1C82C00E179C3 /* Sources */ = {
			isa = PBXSourcesBuildPhase;
			buildActionMask = 2147483647;
			files = (
				6EAB6A1E23D1C82F00E179C3 /* main.m in Sources */,
				6EAB6A1623D1C82C00E179C3 /* AppDelegate.m in Sources */,
				6EAB6A3023D1CE0D00E179C3 /* ModalWindowDelegate.m in Sources */,
			);
			runOnlyForDeploymentPostprocessing = 0;
		};
/* End PBXSourcesBuildPhase section */

/* Begin PBXVariantGroup section */
		6EAB6A1923D1C82F00E179C3 /* MainMenu.xib */ = {
			isa = PBXVariantGroup;
			children = (
				6EAB6A1A23D1C82F00E179C3 /* Base */,
			);
			name = MainMenu.xib;
			sourceTree = "<group>";
		};
/* End PBXVariantGroup section */

/* Begin XCBuildConfiguration section */
		6EAB6A2023D1C82F00E179C3 /* Debug */ = {
			isa = XCBuildConfiguration;
			buildSettings = {
				ALWAYS_SEARCH_USER_PATHS = NO;
				CLANG_ANALYZER_NONNULL = YES;
				CLANG_ANALYZER_NUMBER_OBJECT_CONVERSION = YES_AGGRESSIVE;
				CLANG_CXX_LANGUAGE_STANDARD = "gnu++14";
				CLANG_CXX_LIBRARY = "libc++";
				CLANG_ENABLE_MODULES = YES;
				CLANG_ENABLE_OBJC_ARC = YES;
				CLANG_ENABLE_OBJC_WEAK = YES;
				CLANG_WARN_BLOCK_CAPTURE_AUTORELEASING = YES;
				CLANG_WARN_BOOL_CONVERSION = YES;
				CLANG_WARN_COMMA = YES;
				CLANG_WARN_CONSTANT_CONVERSION = YES;
				CLANG_WARN_DEPRECATED_OBJC_IMPLEMENTATIONS = YES;
				CLANG_WARN_DIRECT_OBJC_ISA_USAGE = YES_ERROR;
				CLANG_WARN_DOCUMENTATION_COMMENTS = YES;
				CLANG_WARN_EMPTY_BODY = YES;
				CLANG_WARN_ENUM_CONVERSION = YES;
				CLANG_WARN_INFINITE_RECURSION = YES;
				CLANG_WARN_INT_CONVERSION = YES;
				CLANG_WARN_NON_LITERAL_NULL_CONVERSION = YES;
				CLANG_WARN_OBJC_IMPLICIT_RETAIN_SELF = YES;
				CLANG_WARN_OBJC_LITERAL_CONVERSION = YES;
				CLANG_WARN_OBJC_ROOT_CLASS = YES_ERROR;
				CLANG_WARN_RANGE_LOOP_ANALYSIS = YES;
				CLANG_WARN_STRICT_PROTOTYPES = YES;
				CLANG_WARN_SUSPICIOUS_MOVE = YES;
				CLANG_WARN_UNGUARDED_AVAILABILITY = YES_AGGRESSIVE;
				CLANG_WARN_UNREACHABLE_CODE = YES;
				CLANG_WARN__DUPLICATE_METHOD_MATCH = YES;
				COPY_PHASE_STRIP = NO;
				DEBUG_INFORMATION_FORMAT = dwarf;
				ENABLE_STRICT_OBJC_MSGSEND = YES;
				ENABLE_TESTABILITY = YES;
				GCC_C_LANGUAGE_STANDARD = gnu11;
				GCC_DYNAMIC_NO_PIC = NO;
				GCC_NO_COMMON_BLOCKS = YES;
				GCC_OPTIMIZATION_LEVEL = 0;
				GCC_PREPROCESSOR_DEFINITIONS = (
					"DEBUG=1",
					"$(inherited)",
				);
				GCC_WARN_64_TO_32_BIT_CONVERSION = YES;
				GCC_WARN_ABOUT_RETURN_TYPE = YES_ERROR;
				GCC_WARN_UNDECLARED_SELECTOR = YES;
				GCC_WARN_UNINITIALIZED_AUTOS = YES_AGGRESSIVE;
				GCC_WARN_UNUSED_FUNCTION = YES;
				GCC_WARN_UNUSED_VARIABLE = YES;
				MACOSX_DEPLOYMENT_TARGET = 10.15;
				MTL_ENABLE_DEBUG_INFO = INCLUDE_SOURCE;
				MTL_FAST_MATH = YES;
				ONLY_ACTIVE_ARCH = YES;
				SDKROOT = macosx;
			};
			name = Debug;
		};
		6EAB6A2123D1C82F00E179C3 /* Release */ = {
			isa = XCBuildConfiguration;
			buildSettings = {
				ALWAYS_SEARCH_USER_PATHS = NO;
				CLANG_ANALYZER_NONNULL = YES;
				CLANG_ANALYZER_NUMBER_OBJECT_CONVERSION = YES_AGGRESSIVE;
				CLANG_CXX_LANGUAGE_STANDARD = "gnu++14";
				CLANG_CXX_LIBRARY = "libc++";
				CLANG_ENABLE_MODULES = YES;
				CLANG_ENABLE_OBJC_ARC = YES;
				CLANG_ENABLE_OBJC_WEAK = YES;
				CLANG_WARN_BLOCK_CAPTURE_AUTORELEASING = YES;
				CLANG_WARN_BOOL_CONVERSION = YES;
				CLANG_WARN_COMMA = YES;
				CLANG_WARN_CONSTANT_CONVERSION = YES;
				CLANG_WARN_DEPRECATED_OBJC_IMPLEMENTATIONS = YES;
				CLANG_WARN_DIRECT_OBJC_ISA_USAGE = YES_ERROR;
				CLANG_WARN_DOCUMENTATION_COMMENTS = YES;
				CLANG_WARN_EMPTY_BODY = YES;
				CLANG_WARN_ENUM_CONVERSION = YES;
				CLANG_WARN_INFINITE_RECURSION = YES;
				CLANG_WARN_INT_CONVERSION = YES;
				CLANG_WARN_NON_LITERAL_NULL_CONVERSION = YES;
				CLANG_WARN_OBJC_IMPLICIT_RETAIN_SELF = YES;
				CLANG_WARN_OBJC_LITERAL_CONVERSION = YES;
				CLANG_WARN_OBJC_ROOT_CLASS = YES_ERROR;
				CLANG_WARN_RANGE_LOOP_ANALYSIS = YES;
				CLANG_WARN_STRICT_PROTOTYPES = YES;
				CLANG_WARN_SUSPICIOUS_MOVE = YES;
				CLANG_WARN_UNGUARDED_AVAILABILITY = YES_AGGRESSIVE;
				CLANG_WARN_UNREACHABLE_CODE = YES;
				CLANG_WARN__DUPLICATE_METHOD_MATCH = YES;
				COPY_PHASE_STRIP = NO;
				DEBUG_INFORMATION_FORMAT = "dwarf-with-dsym";
				ENABLE_NS_ASSERTIONS = NO;
				ENABLE_STRICT_OBJC_MSGSEND = YES;
				GCC_C_LANGUAGE_STANDARD = gnu11;
				GCC_NO_COMMON_BLOCKS = YES;
				GCC_WARN_64_TO_32_BIT_CONVERSION = YES;
				GCC_WARN_ABOUT_RETURN_TYPE = YES_ERROR;
				GCC_WARN_UNDECLARED_SELECTOR = YES;
				GCC_WARN_UNINITIALIZED_AUTOS = YES_AGGRESSIVE;
				GCC_WARN_UNUSED_FUNCTION = YES;
				GCC_WARN_UNUSED_VARIABLE = YES;
				MACOSX_DEPLOYMENT_TARGET = 10.15;
				MTL_ENABLE_DEBUG_INFO = NO;
				MTL_FAST_MATH = YES;
				SDKROOT = macosx;
			};
			name = Release;
		};
		6EAB6A2323D1C82F00E179C3 /* Debug */ = {
			isa = XCBuildConfiguration;
			buildSettings = {
				ASSETCATALOG_COMPILER_APPICON_NAME = AppIcon;
				CODE_SIGN_ENTITLEMENTS = "Cocoa Modal Window/Cocoa_Modal_Window.entitlements";
				CODE_SIGN_STYLE = Automatic;
				COMBINE_HIDPI_IMAGES = YES;
				INFOPLIST_FILE = "Cocoa Modal Window/Info.plist";
				LD_RUNPATH_SEARCH_PATHS = (
					"$(inherited)",
					"@executable_path/../Frameworks",
				);
				PRODUCT_BUNDLE_IDENTIFIER = "Mac-Developers.Cocoa-Modal-Window";
				PRODUCT_NAME = "$(TARGET_NAME)";
			};
			name = Debug;
		};
		6EAB6A2423D1C82F00E179C3 /* Release */ = {
			isa = XCBuildConfiguration;
			buildSettings = {
				ASSETCATALOG_COMPILER_APPICON_NAME = AppIcon;
				CODE_SIGN_ENTITLEMENTS = "Cocoa Modal Window/Cocoa_Modal_Window.entitlements";
				CODE_SIGN_STYLE = Automatic;
				COMBINE_HIDPI_IMAGES = YES;
				INFOPLIST_FILE = "Cocoa Modal Window/Info.plist";
				LD_RUNPATH_SEARCH_PATHS = (
					"$(inherited)",
					"@executable_path/../Frameworks",
				);
				PRODUCT_BUNDLE_IDENTIFIER = "Mac-Developers.Cocoa-Modal-Window";
				PRODUCT_NAME = "$(TARGET_NAME)";
			};
			name = Release;
		};
/* End XCBuildConfiguration section */

/* Begin XCConfigurationList section */
		6EAB6A0C23D1C82C00E179C3 /* Build configuration list for PBXProject "Cocoa Modal Window" */ = {
			isa = XCConfigurationList;
			buildConfigurations = (
				6EAB6A2023D1C82F00E179C3 /* Debug */,
				6EAB6A2123D1C82F00E179C3 /* Release */,
			);
			defaultConfigurationIsVisible = 0;
			defaultConfigurationName = Release;
		};
		6EAB6A2223D1C82F00E179C3 /* Build configuration list for PBXNativeTarget "Cocoa Modal Window" */ = {
			isa = XCConfigurationList;
			buildConfigurations = (
				6EAB6A2323D1C82F00E179C3 /* Debug */,
				6EAB6A2423D1C82F00E179C3 /* Release */,
			);
			defaultConfigurationIsVisible = 0;
			defaultConfigurationName = Release;
		};
/* End XCConfigurationList section */
	};
	rootObject = 6EAB6A0923D1C82C00E179C3 /* Project object */;
}
